<?xml version="1.0" encoding="UTF-8" standalone="yes" ?>
<CodeBlocks_project_file>
	<FileVersion major="1" minor="6" />
	<Project>
		<Option title="betelgeuse" />
		<Option pch_mode="2" />
		<Option compiler="gcc" />
		<Build>
			<Target title="Debug">
				<Option output="bin/Debug/betelgeuse" prefix_auto="1" extension_auto="1" />
				<Option object_output="obj/Debug/" />
				<Option type="1" />
				<Option compiler="gcc" />
				<Compiler>
					<Add option="-g" />
				</Compiler>
				<Linker>
					<Add library="../../../../../../Program Files (x86)/CodeBlocks/MinGW/lib/liballegro-5.0.10-monolith-mt-debug.a" />
				</Linker>
			</Target>
			<Target title="Release">
				<Option output="bin/Release/betelgeuse" prefix_auto="1" extension_auto="1" />
				<Option object_output="obj/Release/" />
				<Option type="1" />
				<Option compiler="gcc" />
				<Compiler>
					<Add option="-O2" />
				</Compiler>
				<Linker>
					<Add option="-s" />
					<Add library="../../../../../../Program Files (x86)/CodeBlocks/MinGW/lib/liballegro-5.0.10-monolith-mt.a" />
				</Linker>
			</Target>
		</Build>
		<Compiler>
			<Add option="-Wall" />
			<Add option="-DPLATFORM_WIN" />
			<Add directory="../../../../../../Program Files (x86)/CodeBlocks/MinGW/include/allegro5" />
		</Compiler>
		<Unit filename="../../game/engine/engine-director.c">
			<Option compilerVar="CC" />
		</Unit>
		<Unit filename="../../game/engine/engine-drawing-allegro.c">
			<Option compilerVar="CC" />
		</Unit>
		<Unit filename="../../game/engine/engine-drawing-pokitto.c">
			<Option compilerVar="CC" />
		</Unit>
		<Unit filename="../../game/engine/engine-game.c">
			<Option compilerVar="CC" />
		</Unit>
		<Unit filename="../../game/engine/engine-loop-allegro.c">
			<Option compilerVar="CC" />
		</Unit>
		<Unit filename="../../game/engine/engine-loop-pokitto.c">
			<Option compilerVar="CC" />
		</Unit>
		<Unit filename="../../game/engine/engine-setup-allegro.c">
			<Option compilerVar="CC" />
		</Unit>
		<Unit filename="../../game/engine/engine-setup-pokkito.c">
			<Option compilerVar="CC" />
		</Unit>
		<Unit filename="../../game/engine/engine.h" />
		<Unit filename="../../game/engine/logger.c">
			<Option compilerVar="CC" />
		</Unit>
		<Unit filename="../../game/engine/logger.h" />
		<Unit filename="../../game/engine/utils.c">
			<Option compilerVar="CC" />
		</Unit>
		<Unit filename="../../game/engine/utils.h" />
		<Unit filename="../../game/main.c">
			<Option compilerVar="CC" />
		</Unit>
		<Unit filename="../../game/scenes/splashScene.c">
			<Option compilerVar="CC" />
		</Unit>
		<Unit filename="../../game/scenes/splashScene.h" />
		<Extensions>
			<code_completion />
			<envvars />
			<debugger />
			<lib_finder disable_auto="1" />
		</Extensions>
	</Project>
</CodeBlocks_project_file>
